DEPENDENCIES
  aw_backuppc
    git: https://github.com/awartner/aw_backuppc.git
    revision: 8adbda50f166be8ec8d7e02cf63847df3ca46307
  aw_base
    git: https://github.com/awartner/aw_base.git
    revision: 1a43c60c73abddb693b9e7d4a21af2e28a7bbee5
  aw_chef_nginx
    git: https://github.com/awartner/aw_chef_nginx.git
    revision: 5d8933a9fde04137635da275faba486090e6eec0
  aw_dnsmasq
    git: https://github.com/awartner/aw_dnsmasq.git
    revision: 77e6065c012c249aee9d5ab9de5ae33d24beb0a7
  aw_postfix
    git: https://github.com/awartner/aw_postfix.git
    revision: 77b451e4f67672b98bdcc59073b7d337b942ea3c
  aw_samba
    git: https://github.com/awartner/aw_samba.git
    revision: 430b923682ef411e6ff70f848f04c84811a926e9
  backuppc
    git: https://github.com/awartner/backuppc.git
    revision: 70cbf404239b510991476f6eb9a5f4a282e4ef00
  home_server
    path: .
    metadata: true

GRAPH
  apt (6.1.4)
  aw_backuppc (2.0.1)
    aw_chef_nginx (~> 1.0)
    backuppc (~> 1.0)
    certificate (~> 1.0)
  aw_base (1.10.0)
    iptables (~> 4.0)
    openssh (~> 2.0)
    smartmontools (~> 1.0)
    users (~> 5.0)
  aw_chef_nginx (1.1.1)
    chef_nginx (~> 6.0)
    iptables (~> 4.0)
  aw_dnsmasq (1.0.1)
    apt (~> 6.0)
    dnsmasq (>= 0.0.0)
    hostsfile (~> 3.0)
    iptables (~> 4.0)
  aw_postfix (1.1.0)
    apt (~> 6.0)
    iptables (~> 4.0)
    postfix (~> 5.0)
  aw_samba (1.0.0)
    apt (~> 6.0)
    iptables (~> 4.0)
    samba (~> 1.0)
  backuppc (1.2.1)
    apt (~> 6.0)
    chef_nginx (~> 6.0)
    htpasswd (~> 0.3)
    openssl (~> 7.0)
    postfix (>= 0.0.0)
    sudo (~> 3.0)
  build-essential (8.0.4)
    mingw (>= 1.1)
    seven_zip (>= 0.0.0)
  certificate (1.0.0)
    chef-vault (>= 0.0.0)
  chef-vault (3.0.0)
    compat_resource (>= 12.16.3)
  chef_nginx (6.2.0)
    build-essential (>= 0.0.0)
    compat_resource (>= 12.16.3)
    ohai (>= 4.1.0)
    yum-epel (>= 0.0.0)
    zypper (>= 0.0.0)
  compat_resource (12.19.0)
  dnsmasq (0.2.0)
    hosts_file (>= 0.0.0)
  home_server (1.2.0)
    aw_backuppc (~> 2.0)
    aw_base (~> 1.0)
    aw_dnsmasq (~> 1.0)
    aw_postfix (~> 1.0)
    aw_samba (~> 1.0)
  hosts_file (0.2.2)
  hostsfile (3.0.1)
  htpasswd (0.3.0)
    poise-python (>= 0.0.0)
  iptables (4.3.1)
  mingw (2.0.1)
    seven_zip (>= 0.0.0)
  ohai (5.2.0)
  openssh (2.6.1)
    iptables (>= 1.0)
  openssl (7.1.0)
  poise (2.8.1)
  poise-archive (1.5.0)
    poise (~> 2.6)
  poise-languages (2.1.1)
    poise (~> 2.5)
    poise-archive (~> 1.0)
  poise-python (1.6.0)
    poise (~> 2.7)
    poise-languages (~> 2.0)
  postfix (5.2.1)
  samba (1.1.1)
  seven_zip (2.0.2)
    windows (>= 1.2.2)
  smartmontools (1.1.0)
  sudo (3.5.3)
  users (5.3.1)
  windows (3.4.3)
    ohai (>= 4.0.0)
  yum-epel (2.1.2)
    compat_resource (>= 12.16.3)
  zypper (0.4.0)
